// !$*UTF8*$!
{
	archiveVersion = 1;
	classes = {
	};
	objectVersion = 50;
	objects = {

/* Begin PBXBuildFile section */
		ED00D13925D6AADB003D0562 /* View.xib in Resources */ = {isa = PBXBuildFile; fileRef = ED00D13825D6AADB003D0562 /* View.xib */; };
		ED00D13D25D6B1A4003D0562 /* Node.swift in Sources */ = {isa = PBXBuildFile; fileRef = ED00D13C25D6B1A4003D0562 /* Node.swift */; };
		ED6C6F62255592FE004A2C69 /* Delegate.swift in Sources */ = {isa = PBXBuildFile; fileRef = ED6C6F61255592FE004A2C69 /* Delegate.swift */; };
		ED6C6F66255592FE004A2C69 /* Controller.swift in Sources */ = {isa = PBXBuildFile; fileRef = ED6C6F65255592FE004A2C69 /* Controller.swift */; };
		ED6C6F6B25559300004A2C69 /* Assets.xcassets in Resources */ = {isa = PBXBuildFile; fileRef = ED6C6F6A25559300004A2C69 /* Assets.xcassets */; };
		ED6C6F6E25559300004A2C69 /* Launch.storyboard in Resources */ = {isa = PBXBuildFile; fileRef = ED6C6F6C25559300004A2C69 /* Launch.storyboard */; };
		ED6C6FA02555939D004A2C69 /* Settings.bundle in Resources */ = {isa = PBXBuildFile; fileRef = ED6C6F9F2555939D004A2C69 /* Settings.bundle */; };
		ED6C6FA9255598E5004A2C69 /* Service.swift in Sources */ = {isa = PBXBuildFile; fileRef = ED6C6FA8255598E5004A2C69 /* Service.swift */; };
		ED6C6FAC25559BC6004A2C69 /* Model.swift in Sources */ = {isa = PBXBuildFile; fileRef = ED6C6FAB25559BC6004A2C69 /* Model.swift */; };
		ED6C6FAF2555A49D004A2C69 /* Utility.swift in Sources */ = {isa = PBXBuildFile; fileRef = ED6C6FAE2555A49D004A2C69 /* Utility.swift */; };
		ED6C6FB22555A8E9004A2C69 /* Scene.swift in Sources */ = {isa = PBXBuildFile; fileRef = ED6C6FB12555A8E9004A2C69 /* Scene.swift */; };
		ED6C6FC1255705CB004A2C69 /* Localizable.strings in Resources */ = {isa = PBXBuildFile; fileRef = ED6C6FC3255705CB004A2C69 /* Localizable.strings */; };
/* End PBXBuildFile section */

/* Begin PBXFileReference section */
		ED00D13825D6AADB003D0562 /* View.xib */ = {isa = PBXFileReference; lastKnownFileType = file.xib; path = View.xib; sourceTree = "<group>"; };
		ED00D13C25D6B1A4003D0562 /* Node.swift */ = {isa = PBXFileReference; lastKnownFileType = sourcecode.swift; path = Node.swift; sourceTree = "<group>"; };
		ED00D14425D6BC54003D0562 /* CSNA.entitlements */ = {isa = PBXFileReference; lastKnownFileType = text.plist.entitlements; path = CSNA.entitlements; sourceTree = "<group>"; };
		ED6C6F5E255592FE004A2C69 /* CSNA.app */ = {isa = PBXFileReference; explicitFileType = wrapper.application; includeInIndex = 0; path = CSNA.app; sourceTree = BUILT_PRODUCTS_DIR; };
		ED6C6F61255592FE004A2C69 /* Delegate.swift */ = {isa = PBXFileReference; lastKnownFileType = sourcecode.swift; path = Delegate.swift; sourceTree = "<group>"; };
		ED6C6F65255592FE004A2C69 /* Controller.swift */ = {isa = PBXFileReference; lastKnownFileType = sourcecode.swift; path = Controller.swift; sourceTree = "<group>"; };
		ED6C6F6A25559300004A2C69 /* Assets.xcassets */ = {isa = PBXFileReference; lastKnownFileType = folder.assetcatalog; path = Assets.xcassets; sourceTree = "<group>"; };
		ED6C6F6D25559300004A2C69 /* Base */ = {isa = PBXFileReference; lastKnownFileType = file.storyboard; name = Base; path = Base.lproj/Launch.storyboard; sourceTree = "<group>"; };
		ED6C6F6F25559300004A2C69 /* Info.plist */ = {isa = PBXFileReference; lastKnownFileType = text.plist.xml; path = Info.plist; sourceTree = "<group>"; };
		ED6C6F9F2555939D004A2C69 /* Settings.bundle */ = {isa = PBXFileReference; lastKnownFileType = "wrapper.plug-in"; path = Settings.bundle; sourceTree = "<group>"; };
		ED6C6FA8255598E5004A2C69 /* Service.swift */ = {isa = PBXFileReference; lastKnownFileType = sourcecode.swift; path = Service.swift; sourceTree = "<group>"; };
		ED6C6FAB25559BC6004A2C69 /* Model.swift */ = {isa = PBXFileReference; lastKnownFileType = sourcecode.swift; path = Model.swift; sourceTree = "<group>"; };
		ED6C6FAE2555A49D004A2C69 /* Utility.swift */ = {isa = PBXFileReference; lastKnownFileType = sourcecode.swift; path = Utility.swift; sourceTree = "<group>"; };
		ED6C6FB12555A8E9004A2C69 /* Scene.swift */ = {isa = PBXFileReference; lastKnownFileType = sourcecode.swift; path = Scene.swift; sourceTree = "<group>"; };
		ED6C6FC2255705CB004A2C69 /* en */ = {isa = PBXFileReference; lastKnownFileType = text.plist.strings; name = en; path = en.lproj/Localizable.strings; sourceTree = "<group>"; };
		ED6C6FC5255705DA004A2C69 /* nl */ = {isa = PBXFileReference; lastKnownFileType = text.plist.strings; name = nl; path = nl.lproj/Localizable.strings; sourceTree = "<group>"; };
/* End PBXFileReference section */

/* Begin PBXFrameworksBuildPhase section */
		ED6C6F5B255592FE004A2C69 /* Frameworks */ = {
			isa = PBXFrameworksBuildPhase;
			buildActionMask = 2147483647;
			files = (
			);
			runOnlyForDeploymentPostprocessing = 0;
		};
/* End PBXFrameworksBuildPhase section */

/* Begin PBXGroup section */
		ED6C6F55255592FE004A2C69 = {
			isa = PBXGroup;
			children = (
				ED6C6F60255592FE004A2C69 /* CSNA */,
				ED6C6F5F255592FE004A2C69 /* Products */,
			);
			sourceTree = "<group>";
		};
		ED6C6F5F255592FE004A2C69 /* Products */ = {
			isa = PBXGroup;
			children = (
				ED6C6F5E255592FE004A2C69 /* CSNA.app */,
			);
			name = Products;
			sourceTree = "<group>";
		};
		ED6C6F60255592FE004A2C69 /* CSNA */ = {
			isa = PBXGroup;
			children = (
				ED00D14425D6BC54003D0562 /* CSNA.entitlements */,
				ED6C6F61255592FE004A2C69 /* Delegate.swift */,
				ED6C6FAB25559BC6004A2C69 /* Model.swift */,
				ED6C6FA8255598E5004A2C69 /* Service.swift */,
				ED6C6FAE2555A49D004A2C69 /* Utility.swift */,
				ED6C6F65255592FE004A2C69 /* Controller.swift */,
				ED6C6FB12555A8E9004A2C69 /* Scene.swift */,
				ED00D13C25D6B1A4003D0562 /* Node.swift */,
				ED6C6FC3255705CB004A2C69 /* Localizable.strings */,
				ED6C6F6A25559300004A2C69 /* Assets.xcassets */,
				ED6C6F6C25559300004A2C69 /* Launch.storyboard */,
				ED00D13825D6AADB003D0562 /* View.xib */,
				ED6C6F9F2555939D004A2C69 /* Settings.bundle */,
				ED6C6F6F25559300004A2C69 /* Info.plist */,
			);
			path = CSNA;
			sourceTree = "<group>";
		};
/* End PBXGroup section */

/* Begin PBXNativeTarget section */
		ED6C6F5D255592FE004A2C69 /* CSNA */ = {
			isa = PBXNativeTarget;
			buildConfigurationList = ED6C6F8825559300004A2C69 /* Build configuration list for PBXNativeTarget "CSNA" */;
			buildPhases = (
				ED6C6F5A255592FE004A2C69 /* Sources */,
				ED6C6F5B255592FE004A2C69 /* Frameworks */,
				ED6C6F5C255592FE004A2C69 /* Resources */,
				ED6C6F9C25559345004A2C69 /* Auto-Increment Build Number */,
			);
			buildRules = (
			);
			dependencies = (
			);
			name = CSNA;
			productName = CSNA;
			productReference = ED6C6F5E255592FE004A2C69 /* CSNA.app */;
			productType = "com.apple.product-type.application";
		};
/* End PBXNativeTarget section */

/* Begin PBXProject section */
		ED6C6F56255592FE004A2C69 /* Project object */ = {
			isa = PBXProject;
			attributes = {
				LastSwiftUpdateCheck = 1210;
				LastUpgradeCheck = 1210;
				TargetAttributes = {
					ED6C6F5D255592FE004A2C69 = {
						CreatedOnToolsVersion = 12.1;
					};
				};
			};
			buildConfigurationList = ED6C6F59255592FE004A2C69 /* Build configuration list for PBXProject "CSNA" */;
			compatibilityVersion = "Xcode 9.3";
			developmentRegion = en;
			hasScannedForEncodings = 0;
			knownRegions = (
				en,
				Base,
				nl,
			);
			mainGroup = ED6C6F55255592FE004A2C69;
			productRefGroup = ED6C6F5F255592FE004A2C69 /* Products */;
			projectDirPath = "";
			projectRoot = "";
			targets = (
				ED6C6F5D255592FE004A2C69 /* CSNA */,
			);
		};
/* End PBXProject section */

/* Begin PBXResourcesBuildPhase section */
		ED6C6F5C255592FE004A2C69 /* Resources */ = {
			isa = PBXResourcesBuildPhase;
			buildActionMask = 2147483647;
			files = (
				ED6C6FC1255705CB004A2C69 /* Localizable.strings in Resources */,
				ED00D13925D6AADB003D0562 /* View.xib in Resources */,
				ED6C6F6E25559300004A2C69 /* Launch.storyboard in Resources */,
				ED6C6FA02555939D004A2C69 /* Settings.bundle in Resources */,
				ED6C6F6B25559300004A2C69 /* Assets.xcassets in Resources */,
			);
			runOnlyForDeploymentPostprocessing = 0;
		};
/* End PBXResourcesBuildPhase section */

/* Begin PBXShellScriptBuildPhase section */
		ED6C6F9C25559345004A2C69 /* Auto-Increment Build Number */ = {
			isa = PBXShellScriptBuildPhase;
			buildActionMask = 2147483647;
			files = (
			);
			inputFileListPaths = (
			);
			inputPaths = (
			);
			name = "Auto-Increment Build Number";
			outputFileListPaths = (
			);
			outputPaths = (
			);
			runOnlyForDeploymentPostprocessing = 0;
			shellPath = /bin/sh;
			shellScript = "buildNumber=$(/usr/libexec/PlistBuddy -c \"Print CFBundleVersion\" \"${PROJECT_DIR}/${INFOPLIST_FILE}\")\nbuildNumber=$(($buildNumber + 1))\n/usr/libexec/PlistBuddy -c \"Set :CFBundleVersion $buildNumber\" \"${PROJECT_DIR}/${INFOPLIST_FILE}\"\n";
		};
/* End PBXShellScriptBuildPhase section */

/* Begin PBXSourcesBuildPhase section */
		ED6C6F5A255592FE004A2C69 /* Sources */ = {
			isa = PBXSourcesBuildPhase;
			buildActionMask = 2147483647;
			files = (
				ED6C6FAF2555A49D004A2C69 /* Utility.swift in Sources */,
				ED6C6F66255592FE004A2C69 /* Controller.swift in Sources */,
				ED6C6FB22555A8E9004A2C69 /* Scene.swift in Sources */,
				ED6C6F62255592FE004A2C69 /* Delegate.swift in Sources */,
				ED00D13D25D6B1A4003D0562 /* Node.swift in Sources */,
				ED6C6FA9255598E5004A2C69 /* Service.swift in Sources */,
				ED6C6FAC25559BC6004A2C69 /* Model.swift in Sources */,
			);
			runOnlyForDeploymentPostprocessing = 0;
		};
/* End PBXSourcesBuildPhase section */

/* Begin PBXVariantGroup section */
		ED6C6F6C25559300004A2C69 /* Launch.storyboard */ = {
			isa = PBXVariantGroup;
			children = (
				ED6C6F6D25559300004A2C69 /* Base */,
			);
			name = Launch.storyboard;
			sourceTree = "<group>";
		};
		ED6C6FC3255705CB004A2C69 /* Localizable.strings */ = {
			isa = PBXVariantGroup;
			children = (
				ED6C6FC2255705CB004A2C69 /* en */,
				ED6C6FC5255705DA004A2C69 /* nl */,
			);
			name = Localizable.strings;
			sourceTree = "<group>";
		};
/* End PBXVariantGroup section */

/* Begin XCBuildConfiguration section */
		ED6C6F8625559300004A2C69 /* Debug */ = {
			isa = XCBuildConfiguration;
			buildSettings = {
				ALWAYS_SEARCH_USER_PATHS = NO;
				CLANG_ANALYZER_LOCALIZABILITY_NONLOCALIZED = YES;
				CLANG_ANALYZER_NONNULL = YES;
				CLANG_ANALYZER_NUMBER_OBJECT_CONVERSION = YES_AGGRESSIVE;
				CLANG_CXX_LANGUAGE_STANDARD = "gnu++14";
				CLANG_CXX_LIBRARY = "libc++";
				CLANG_ENABLE_MODULES = YES;
				CLANG_ENABLE_OBJC_ARC = YES;
				CLANG_ENABLE_OBJC_WEAK = YES;
				CLANG_WARN_BLOCK_CAPTURE_AUTORELEASING = YES;
				CLANG_WARN_BOOL_CONVERSION = YES;
				CLANG_WARN_COMMA = YES;
				CLANG_WARN_CONSTANT_CONVERSION = YES;
				CLANG_WARN_DEPRECATED_OBJC_IMPLEMENTATIONS = YES;
				CLANG_WARN_DIRECT_OBJC_ISA_USAGE = YES_ERROR;
				CLANG_WARN_DOCUMENTATION_COMMENTS = YES;
				CLANG_WARN_EMPTY_BODY = YES;
				CLANG_WARN_ENUM_CONVERSION = YES;
				CLANG_WARN_INFINITE_RECURSION = YES;
				CLANG_WARN_INT_CONVERSION = YES;
				CLANG_WARN_NON_LITERAL_NULL_CONVERSION = YES;
				CLANG_WARN_OBJC_IMPLICIT_RETAIN_SELF = YES;
				CLANG_WARN_OBJC_LITERAL_CONVERSION = YES;
				CLANG_WARN_OBJC_ROOT_CLASS = YES_ERROR;
				CLANG_WARN_QUOTED_INCLUDE_IN_FRAMEWORK_HEADER = YES;
				CLANG_WARN_RANGE_LOOP_ANALYSIS = YES;
				CLANG_WARN_STRICT_PROTOTYPES = YES;
				CLANG_WARN_SUSPICIOUS_MOVE = YES;
				CLANG_WARN_UNGUARDED_AVAILABILITY = YES_AGGRESSIVE;
				CLANG_WARN_UNREACHABLE_CODE = YES;
				CLANG_WARN__DUPLICATE_METHOD_MATCH = YES;
				COPY_PHASE_STRIP = NO;
				DEBUG_INFORMATION_FORMAT = dwarf;
				ENABLE_STRICT_OBJC_MSGSEND = YES;
				ENABLE_TESTABILITY = YES;
				GCC_C_LANGUAGE_STANDARD = gnu11;
				GCC_DYNAMIC_NO_PIC = NO;
				GCC_NO_COMMON_BLOCKS = YES;
				GCC_OPTIMIZATION_LEVEL = 0;
				GCC_PREPROCESSOR_DEFINITIONS = (
					"DEBUG=1",
					"$(inherited)",
				);
				GCC_WARN_64_TO_32_BIT_CONVERSION = YES;
				GCC_WARN_ABOUT_RETURN_TYPE = YES_ERROR;
				GCC_WARN_UNDECLARED_SELECTOR = YES;
				GCC_WARN_UNINITIALIZED_AUTOS = YES_AGGRESSIVE;
				GCC_WARN_UNUSED_FUNCTION = YES;
				GCC_WARN_UNUSED_VARIABLE = YES;
				IPHONEOS_DEPLOYMENT_TARGET = 14.1;
				MTL_ENABLE_DEBUG_INFO = INCLUDE_SOURCE;
				MTL_FAST_MATH = YES;
				ONLY_ACTIVE_ARCH = YES;
				SDKROOT = iphoneos;
				SWIFT_ACTIVE_COMPILATION_CONDITIONS = DEBUG;
				SWIFT_OPTIMIZATION_LEVEL = "-Onone";
			};
			name = Debug;
		};
		ED6C6F8725559300004A2C69 /* Release */ = {
			isa = XCBuildConfiguration;
			buildSettings = {
				ALWAYS_SEARCH_USER_PATHS = NO;
				CLANG_ANALYZER_LOCALIZABILITY_NONLOCALIZED = YES;
				CLANG_ANALYZER_NONNULL = YES;
				CLANG_ANALYZER_NUMBER_OBJECT_CONVERSION = YES_AGGRESSIVE;
				CLANG_CXX_LANGUAGE_STANDARD = "gnu++14";
				CLANG_CXX_LIBRARY = "libc++";
				CLANG_ENABLE_MODULES = YES;
				CLANG_ENABLE_OBJC_ARC = YES;
				CLANG_ENABLE_OBJC_WEAK = YES;
				CLANG_WARN_BLOCK_CAPTURE_AUTORELEASING = YES;
				CLANG_WARN_BOOL_CONVERSION = YES;
				CLANG_WARN_COMMA = YES;
				CLANG_WARN_CONSTANT_CONVERSION = YES;
				CLANG_WARN_DEPRECATED_OBJC_IMPLEMENTATIONS = YES;
				CLANG_WARN_DIRECT_OBJC_ISA_USAGE = YES_ERROR;
				CLANG_WARN_DOCUMENTATION_COMMENTS = YES;
				CLANG_WARN_EMPTY_BODY = YES;
				CLANG_WARN_ENUM_CONVERSION = YES;
				CLANG_WARN_INFINITE_RECURSION = YES;
				CLANG_WARN_INT_CONVERSION = YES;
				CLANG_WARN_NON_LITERAL_NULL_CONVERSION = YES;
				CLANG_WARN_OBJC_IMPLICIT_RETAIN_SELF = YES;
				CLANG_WARN_OBJC_LITERAL_CONVERSION = YES;
				CLANG_WARN_OBJC_ROOT_CLASS = YES_ERROR;
				CLANG_WARN_QUOTED_INCLUDE_IN_FRAMEWORK_HEADER = YES;
				CLANG_WARN_RANGE_LOOP_ANALYSIS = YES;
				CLANG_WARN_STRICT_PROTOTYPES = YES;
				CLANG_WARN_SUSPICIOUS_MOVE = YES;
				CLANG_WARN_UNGUARDED_AVAILABILITY = YES_AGGRESSIVE;
				CLANG_WARN_UNREACHABLE_CODE = YES;
				CLANG_WARN__DUPLICATE_METHOD_MATCH = YES;
				COPY_PHASE_STRIP = NO;
				DEBUG_INFORMATION_FORMAT = "dwarf-with-dsym";
				ENABLE_NS_ASSERTIONS = NO;
				ENABLE_STRICT_OBJC_MSGSEND = YES;
				GCC_C_LANGUAGE_STANDARD = gnu11;
				GCC_NO_COMMON_BLOCKS = YES;
				GCC_WARN_64_TO_32_BIT_CONVERSION = YES;
				GCC_WARN_ABOUT_RETURN_TYPE = YES_ERROR;
				GCC_WARN_UNDECLARED_SELECTOR = YES;
				GCC_WARN_UNINITIALIZED_AUTOS = YES_AGGRESSIVE;
				GCC_WARN_UNUSED_FUNCTION = YES;
				GCC_WARN_UNUSED_VARIABLE = YES;
				IPHONEOS_DEPLOYMENT_TARGET = 14.1;
				MTL_ENABLE_DEBUG_INFO = NO;
				MTL_FAST_MATH = YES;
				SDKROOT = iphoneos;
				SWIFT_COMPILATION_MODE = wholemodule;
				SWIFT_OPTIMIZATION_LEVEL = "-O";
				VALIDATE_PRODUCT = YES;
			};
			name = Release;
		};
		ED6C6F8925559300004A2C69 /* Debug */ = {
			isa = XCBuildConfiguration;
			buildSettings = {
				ASSETCATALOG_COMPILER_APPICON_NAME = AppIcon;
				ASSETCATALOG_COMPILER_GLOBAL_ACCENT_COLOR_NAME = AccentColor;
				CODE_SIGN_ENTITLEMENTS = CSNA/CSNA.entitlements;
				CODE_SIGN_STYLE = Automatic;
				DEVELOPMENT_TEAM = 9ELM74XG98;
				INFOPLIST_FILE = CSNA/Info.plist;
				IPHONEOS_DEPLOYMENT_TARGET = 14.1;
				"IPHONEOS_DEPLOYMENT_TARGET[sdk=macosx*]" = 14.2;
				LD_RUNPATH_SEARCH_PATHS = (
					"$(inherited)",
					"@executable_path/Frameworks",
				);
				MARKETING_VERSION = 1.1;
				PRODUCT_BUNDLE_IDENTIFIER = com.wjthieme.CSNA;
				PRODUCT_NAME = "$(TARGET_NAME)";
				SUPPORTS_MACCATALYST = YES;
				SWIFT_VERSION = 5.0;
				TARGETED_DEVICE_FAMILY = "1,2";
			};
			name = Debug;
		};
		ED6C6F8A25559300004A2C69 /* Release */ = {
			isa = XCBuildConfiguration;
			buildSettings = {
				ASSETCATALOG_COMPILER_APPICON_NAME = AppIcon;
				ASSETCATALOG_COMPILER_GLOBAL_ACCENT_COLOR_NAME = AccentColor;
				CODE_SIGN_ENTITLEMENTS = CSNA/CSNA.entitlements;
				CODE_SIGN_STYLE = Automatic;
				DEVELOPMENT_TEAM = 9ELM74XG98;
				INFOPLIST_FILE = CSNA/Info.plist;
				IPHONEOS_DEPLOYMENT_TARGET = 14.1;
				"IPHONEOS_DEPLOYMENT_TARGET[sdk=macosx*]" = 14.2;
				LD_RUNPATH_SEARCH_PATHS = (
					"$(inherited)",
					"@executable_path/Frameworks",
				);
				MARKETING_VERSION = 1.1;
				PRODUCT_BUNDLE_IDENTIFIER = com.wjthieme.CSNA;
				PRODUCT_NAME = "$(TARGET_NAME)";
				SUPPORTS_MACCATALYST = YES;
				SWIFT_VERSION = 5.0;
				TARGETED_DEVICE_FAMILY = "1,2";
			};
			name = Release;
		};
/* End XCBuildConfiguration section */

/* Begin XCConfigurationList section */
		ED6C6F59255592FE004A2C69 /* Build configuration list for PBXProject "CSNA" */ = {
			isa = XCConfigurationList;
			buildConfigurations = (
				ED6C6F8625559300004A2C69 /* Debug */,
				ED6C6F8725559300004A2C69 /* Release */,
			);
			defaultConfigurationIsVisible = 0;
			defaultConfigurationName = Release;
		};
		ED6C6F8825559300004A2C69 /* Build configuration list for PBXNativeTarget "CSNA" */ = {
			isa = XCConfigurationList;
			buildConfigurations = (
				ED6C6F8925559300004A2C69 /* Debug */,
				ED6C6F8A25559300004A2C69 /* Release */,
			);
			defaultConfigurationIsVisible = 0;
			defaultConfigurationName = Release;
		};
/* End XCConfigurationList section */
	};
	rootObject = ED6C6F56255592FE004A2C69 /* Project object */;
}
